// !$*UTF8*$!
{
	archiveVersion = 1;
	classes = {
	};
	objectVersion = 48;
	objects = {

/* Begin PBXBuildFile section */
		1819EE8E1F5CF72E001AE0D4 /* options.png in Resources */ = {isa = PBXBuildFile; fileRef = 1819EE8B1F5CF72D001AE0D4 /* options.png */; };
		1819EE8F1F5CF72E001AE0D4 /* error.png in Resources */ = {isa = PBXBuildFile; fileRef = 1819EE8C1F5CF72D001AE0D4 /* error.png */; };
		1819EE901F5CF72E001AE0D4 /* success.png in Resources */ = {isa = PBXBuildFile; fileRef = 1819EE8D1F5CF72E001AE0D4 /* success.png */; };
		1829CB2F1F5C04290099EF6B /* CoreMotion.framework in Frameworks */ = {isa = PBXBuildFile; fileRef = 1829CB2E1F5C04290099EF6B /* CoreMotion.framework */; };
		18508A171F5BA33D006C6C62 /* UIAlertView+Blocks.m in Sources */ = {isa = PBXBuildFile; fileRef = 18508A161F5BA33D006C6C62 /* UIAlertView+Blocks.m */; };
		18540D691F821BDF00A5B6DF /* ARData.m in Sources */ = {isa = PBXBuildFile; fileRef = 18540D681F821BDF00A5B6DF /* ARData.m */; };
		186E183D1F5A601F008C1206 /* AppDelegate.m in Sources */ = {isa = PBXBuildFile; fileRef = 186E183C1F5A601F008C1206 /* AppDelegate.m */; };
		186E18421F5A601F008C1206 /* Scene.mm in Sources */ = {isa = PBXBuildFile; fileRef = 186E18411F5A601F008C1206 /* Scene.mm */; };
		186E18451F5A601F008C1206 /* ViewController.m in Sources */ = {isa = PBXBuildFile; fileRef = 186E18441F5A601F008C1206 /* ViewController.m */; };
		186E18481F5A601F008C1206 /* Main.storyboard in Resources */ = {isa = PBXBuildFile; fileRef = 186E18461F5A601F008C1206 /* Main.storyboard */; };
		186E184A1F5A601F008C1206 /* Assets.xcassets in Resources */ = {isa = PBXBuildFile; fileRef = 186E18491F5A601F008C1206 /* Assets.xcassets */; };
		186E184D1F5A601F008C1206 /* LaunchScreen.storyboard in Resources */ = {isa = PBXBuildFile; fileRef = 186E184B1F5A601F008C1206 /* LaunchScreen.storyboard */; };
		186E18501F5A601F008C1206 /* main.m in Sources */ = {isa = PBXBuildFile; fileRef = 186E184F1F5A601F008C1206 /* main.m */; };
		18C23A8B1F5AB72C00242C57 /* SceneKit.framework in Frameworks */ = {isa = PBXBuildFile; fileRef = 18C23A8A1F5AB72C00242C57 /* SceneKit.framework */; settings = {ATTRIBUTES = (Weak, ); }; };
		18C23A8D1F5AB73300242C57 /* ARKit.framework in Frameworks */ = {isa = PBXBuildFile; fileRef = 18C23A8C1F5AB73300242C57 /* ARKit.framework */; settings = {ATTRIBUTES = (Weak, ); }; };
		18C23A8F1F5AB73E00242C57 /* SpriteKit.framework in Frameworks */ = {isa = PBXBuildFile; fileRef = 18C23A8E1F5AB73E00242C57 /* SpriteKit.framework */; settings = {ATTRIBUTES = (Weak, ); }; };
		18E4B0281F81DEDE006A4971 /* ar_res in Resources */ = {isa = PBXBuildFile; fileRef = 18E4B0271F81DEDE006A4971 /* ar_res */; };
		18F607C31F8733FE0012F497 /* TouchableSpriteNode.m in Sources */ = {isa = PBXBuildFile; fileRef = 18F607C21F8733FE0012F497 /* TouchableSpriteNode.m */; };
/* End PBXBuildFile section */

/* Begin PBXFileReference section */
		1819EE8B1F5CF72D001AE0D4 /* options.png */ = {isa = PBXFileReference; lastKnownFileType = image.png; path = options.png; sourceTree = "<group>"; };
		1819EE8C1F5CF72D001AE0D4 /* error.png */ = {isa = PBXFileReference; lastKnownFileType = image.png; path = error.png; sourceTree = "<group>"; };
		1819EE8D1F5CF72E001AE0D4 /* success.png */ = {isa = PBXFileReference; lastKnownFileType = image.png; path = success.png; sourceTree = "<group>"; };
		1829CB2E1F5C04290099EF6B /* CoreMotion.framework */ = {isa = PBXFileReference; lastKnownFileType = wrapper.framework; name = CoreMotion.framework; path = System/Library/Frameworks/CoreMotion.framework; sourceTree = SDKROOT; };
		18508A151F5BA33D006C6C62 /* UIAlertView+Blocks.h */ = {isa = PBXFileReference; fileEncoding = 4; lastKnownFileType = sourcecode.c.h; path = "UIAlertView+Blocks.h"; sourceTree = "<group>"; };
		18508A161F5BA33D006C6C62 /* UIAlertView+Blocks.m */ = {isa = PBXFileReference; fileEncoding = 4; lastKnownFileType = sourcecode.c.objc; path = "UIAlertView+Blocks.m"; sourceTree = "<group>"; };
		18540D671F821BDF00A5B6DF /* ARData.h */ = {isa = PBXFileReference; lastKnownFileType = sourcecode.c.h; path = ARData.h; sourceTree = "<group>"; };
		18540D681F821BDF00A5B6DF /* ARData.m */ = {isa = PBXFileReference; lastKnownFileType = sourcecode.c.objc; path = ARData.m; sourceTree = "<group>"; };
		186E18381F5A601F008C1206 /* ARDemo.app */ = {isa = PBXFileReference; explicitFileType = wrapper.application; includeInIndex = 0; path = ARDemo.app; sourceTree = BUILT_PRODUCTS_DIR; };
		186E183B1F5A601F008C1206 /* AppDelegate.h */ = {isa = PBXFileReference; lastKnownFileType = sourcecode.c.h; path = AppDelegate.h; sourceTree = "<group>"; };
		186E183C1F5A601F008C1206 /* AppDelegate.m */ = {isa = PBXFileReference; lastKnownFileType = sourcecode.c.objc; path = AppDelegate.m; sourceTree = "<group>"; };
		186E18401F5A601F008C1206 /* Scene.h */ = {isa = PBXFileReference; lastKnownFileType = sourcecode.c.h; path = Scene.h; sourceTree = "<group>"; };
		186E18411F5A601F008C1206 /* Scene.mm */ = {isa = PBXFileReference; fileEncoding = 4; lastKnownFileType = sourcecode.cpp.objcpp; lineEnding = 0; path = Scene.mm; sourceTree = "<group>"; };
		186E18431F5A601F008C1206 /* ViewController.h */ = {isa = PBXFileReference; lastKnownFileType = sourcecode.c.h; path = ViewController.h; sourceTree = "<group>"; };
		186E18441F5A601F008C1206 /* ViewController.m */ = {isa = PBXFileReference; lastKnownFileType = sourcecode.c.objc; path = ViewController.m; sourceTree = "<group>"; };
		186E18471F5A601F008C1206 /* Base */ = {isa = PBXFileReference; lastKnownFileType = file.storyboard; name = Base; path = Base.lproj/Main.storyboard; sourceTree = "<group>"; };
		186E18491F5A601F008C1206 /* Assets.xcassets */ = {isa = PBXFileReference; lastKnownFileType = folder.assetcatalog; path = Assets.xcassets; sourceTree = "<group>"; };
		186E184C1F5A601F008C1206 /* Base */ = {isa = PBXFileReference; lastKnownFileType = file.storyboard; name = Base; path = Base.lproj/LaunchScreen.storyboard; sourceTree = "<group>"; };
		186E184E1F5A601F008C1206 /* Info.plist */ = {isa = PBXFileReference; lastKnownFileType = text.plist.xml; path = Info.plist; sourceTree = "<group>"; };
		186E184F1F5A601F008C1206 /* main.m */ = {isa = PBXFileReference; lastKnownFileType = sourcecode.c.objc; path = main.m; sourceTree = "<group>"; };
		18C23A8A1F5AB72C00242C57 /* SceneKit.framework */ = {isa = PBXFileReference; lastKnownFileType = wrapper.framework; name = SceneKit.framework; path = System/Library/Frameworks/SceneKit.framework; sourceTree = SDKROOT; };
		18C23A8C1F5AB73300242C57 /* ARKit.framework */ = {isa = PBXFileReference; lastKnownFileType = wrapper.framework; name = ARKit.framework; path = System/Library/Frameworks/ARKit.framework; sourceTree = SDKROOT; };
		18C23A8E1F5AB73E00242C57 /* SpriteKit.framework */ = {isa = PBXFileReference; lastKnownFileType = wrapper.framework; name = SpriteKit.framework; path = System/Library/Frameworks/SpriteKit.framework; sourceTree = SDKROOT; };
		18E4B0271F81DEDE006A4971 /* ar_res */ = {isa = PBXFileReference; lastKnownFileType = folder; path = ar_res; sourceTree = "<group>"; };
		18F607C11F8733FE0012F497 /* TouchableSpriteNode.h */ = {isa = PBXFileReference; lastKnownFileType = sourcecode.c.h; path = TouchableSpriteNode.h; sourceTree = "<group>"; };
		18F607C21F8733FE0012F497 /* TouchableSpriteNode.m */ = {isa = PBXFileReference; lastKnownFileType = sourcecode.c.objc; path = TouchableSpriteNode.m; sourceTree = "<group>"; };
/* End PBXFileReference section */

/* Begin PBXFrameworksBuildPhase section */
		186E18351F5A601F008C1206 /* Frameworks */ = {
			isa = PBXFrameworksBuildPhase;
			buildActionMask = 2147483647;
			files = (
				1829CB2F1F5C04290099EF6B /* CoreMotion.framework in Frameworks */,
				18C23A8F1F5AB73E00242C57 /* SpriteKit.framework in Frameworks */,
				18C23A8D1F5AB73300242C57 /* ARKit.framework in Frameworks */,
				18C23A8B1F5AB72C00242C57 /* SceneKit.framework in Frameworks */,
			);
			runOnlyForDeploymentPostprocessing = 0;
		};
/* End PBXFrameworksBuildPhase section */

/* Begin PBXGroup section */
		186E182F1F5A601F008C1206 = {
			isa = PBXGroup;
			children = (
				186E183A1F5A601F008C1206 /* ARDemo */,
				186E18391F5A601F008C1206 /* Products */,
				18C23A891F5AB72C00242C57 /* Frameworks */,
			);
			sourceTree = "<group>";
		};
		186E18391F5A601F008C1206 /* Products */ = {
			isa = PBXGroup;
			children = (
				186E18381F5A601F008C1206 /* ARDemo.app */,
			);
			name = Products;
			sourceTree = "<group>";
		};
		186E183A1F5A601F008C1206 /* ARDemo */ = {
			isa = PBXGroup;
			children = (
				18E4B0271F81DEDE006A4971 /* ar_res */,
				1819EE8C1F5CF72D001AE0D4 /* error.png */,
				1819EE8B1F5CF72D001AE0D4 /* options.png */,
				1819EE8D1F5CF72E001AE0D4 /* success.png */,
				18508A151F5BA33D006C6C62 /* UIAlertView+Blocks.h */,
				18508A161F5BA33D006C6C62 /* UIAlertView+Blocks.m */,
				186E183B1F5A601F008C1206 /* AppDelegate.h */,
				186E183C1F5A601F008C1206 /* AppDelegate.m */,
				18540D671F821BDF00A5B6DF /* ARData.h */,
				18540D681F821BDF00A5B6DF /* ARData.m */,
				186E18401F5A601F008C1206 /* Scene.h */,
				186E18411F5A601F008C1206 /* Scene.mm */,
				186E18431F5A601F008C1206 /* ViewController.h */,
				186E18441F5A601F008C1206 /* ViewController.m */,
				186E18461F5A601F008C1206 /* Main.storyboard */,
				186E18491F5A601F008C1206 /* Assets.xcassets */,
				186E184B1F5A601F008C1206 /* LaunchScreen.storyboard */,
				186E184E1F5A601F008C1206 /* Info.plist */,
				186E184F1F5A601F008C1206 /* main.m */,
				18F607C11F8733FE0012F497 /* TouchableSpriteNode.h */,
				18F607C21F8733FE0012F497 /* TouchableSpriteNode.m */,
			);
			path = ARDemo;
			sourceTree = "<group>";
		};
		18C23A891F5AB72C00242C57 /* Frameworks */ = {
			isa = PBXGroup;
			children = (
				1829CB2E1F5C04290099EF6B /* CoreMotion.framework */,
				18C23A8E1F5AB73E00242C57 /* SpriteKit.framework */,
				18C23A8C1F5AB73300242C57 /* ARKit.framework */,
				18C23A8A1F5AB72C00242C57 /* SceneKit.framework */,
			);
			name = Frameworks;
			sourceTree = "<group>";
		};
/* End PBXGroup section */

/* Begin PBXNativeTarget section */
		186E18371F5A601F008C1206 /* ARDemo */ = {
			isa = PBXNativeTarget;
			buildConfigurationList = 186E18531F5A601F008C1206 /* Build configuration list for PBXNativeTarget "ARDemo" */;
			buildPhases = (
				186E18341F5A601F008C1206 /* Sources */,
				186E18351F5A601F008C1206 /* Frameworks */,
				186E18361F5A601F008C1206 /* Resources */,
			);
			buildRules = (
			);
			dependencies = (
			);
			name = ARDemo;
			productName = ARDemo;
			productReference = 186E18381F5A601F008C1206 /* ARDemo.app */;
			productType = "com.apple.product-type.application";
		};
/* End PBXNativeTarget section */

/* Begin PBXProject section */
		186E18301F5A601F008C1206 /* Project object */ = {
			isa = PBXProject;
			attributes = {
				LastUpgradeCheck = 0900;
				ORGANIZATIONNAME = fish;
				TargetAttributes = {
					186E18371F5A601F008C1206 = {
						CreatedOnToolsVersion = 9.0;
						ProvisioningStyle = Automatic;
					};
				};
			};
			buildConfigurationList = 186E18331F5A601F008C1206 /* Build configuration list for PBXProject "ARDemo" */;
			compatibilityVersion = "Xcode 8.0";
			developmentRegion = en;
			hasScannedForEncodings = 0;
			knownRegions = (
				en,
				Base,
			);
			mainGroup = 186E182F1F5A601F008C1206;
			productRefGroup = 186E18391F5A601F008C1206 /* Products */;
			projectDirPath = "";
			projectRoot = "";
			targets = (
				186E18371F5A601F008C1206 /* ARDemo */,
			);
		};
/* End PBXProject section */

/* Begin PBXResourcesBuildPhase section */
		186E18361F5A601F008C1206 /* Resources */ = {
			isa = PBXResourcesBuildPhase;
			buildActionMask = 2147483647;
			files = (
				1819EE901F5CF72E001AE0D4 /* success.png in Resources */,
				186E184D1F5A601F008C1206 /* LaunchScreen.storyboard in Resources */,
				18E4B0281F81DEDE006A4971 /* ar_res in Resources */,
				1819EE8F1F5CF72E001AE0D4 /* error.png in Resources */,
				186E184A1F5A601F008C1206 /* Assets.xcassets in Resources */,
				1819EE8E1F5CF72E001AE0D4 /* options.png in Resources */,
				186E18481F5A601F008C1206 /* Main.storyboard in Resources */,
			);
			runOnlyForDeploymentPostprocessing = 0;
		};
/* End PBXResourcesBuildPhase section */

/* Begin PBXSourcesBuildPhase section */
		186E18341F5A601F008C1206 /* Sources */ = {
			isa = PBXSourcesBuildPhase;
			buildActionMask = 2147483647;
			files = (
				18540D691F821BDF00A5B6DF /* ARData.m in Sources */,
				186E18451F5A601F008C1206 /* ViewController.m in Sources */,
				186E18421F5A601F008C1206 /* Scene.mm in Sources */,
				18508A171F5BA33D006C6C62 /* UIAlertView+Blocks.m in Sources */,
				186E18501F5A601F008C1206 /* main.m in Sources */,
				18F607C31F8733FE0012F497 /* TouchableSpriteNode.m in Sources */,
				186E183D1F5A601F008C1206 /* AppDelegate.m in Sources */,
			);
			runOnlyForDeploymentPostprocessing = 0;
		};
/* End PBXSourcesBuildPhase section */

/* Begin PBXVariantGroup section */
		186E18461F5A601F008C1206 /* Main.storyboard */ = {
			isa = PBXVariantGroup;
			children = (
				186E18471F5A601F008C1206 /* Base */,
			);
			name = Main.storyboard;
			sourceTree = "<group>";
		};
		186E184B1F5A601F008C1206 /* LaunchScreen.storyboard */ = {
			isa = PBXVariantGroup;
			children = (
				186E184C1F5A601F008C1206 /* Base */,
			);
			name = LaunchScreen.storyboard;
			sourceTree = "<group>";
		};
/* End PBXVariantGroup section */

/* Begin XCBuildConfiguration section */
		186E18511F5A601F008C1206 /* Debug */ = {
			isa = XCBuildConfiguration;
			buildSettings = {
				ALWAYS_SEARCH_USER_PATHS = NO;
				CLANG_ANALYZER_NONNULL = YES;
				CLANG_ANALYZER_NUMBER_OBJECT_CONVERSION = YES_AGGRESSIVE;
				CLANG_CXX_LANGUAGE_STANDARD = "gnu++14";
				CLANG_CXX_LIBRARY = "libc++";
				CLANG_ENABLE_MODULES = YES;
				CLANG_ENABLE_OBJC_ARC = YES;
				CLANG_WARN_BLOCK_CAPTURE_AUTORELEASING = YES;
				CLANG_WARN_BOOL_CONVERSION = YES;
				CLANG_WARN_COMMA = YES;
				CLANG_WARN_CONSTANT_CONVERSION = YES;
				CLANG_WARN_DIRECT_OBJC_ISA_USAGE = YES_ERROR;
				CLANG_WARN_DOCUMENTATION_COMMENTS = YES;
				CLANG_WARN_EMPTY_BODY = YES;
				CLANG_WARN_ENUM_CONVERSION = YES;
				CLANG_WARN_INFINITE_RECURSION = YES;
				CLANG_WARN_INT_CONVERSION = YES;
				CLANG_WARN_NON_LITERAL_NULL_CONVERSION = YES;
				CLANG_WARN_OBJC_LITERAL_CONVERSION = YES;
				CLANG_WARN_OBJC_ROOT_CLASS = YES_ERROR;
				CLANG_WARN_RANGE_LOOP_ANALYSIS = YES;
				CLANG_WARN_STRICT_PROTOTYPES = YES;
				CLANG_WARN_SUSPICIOUS_MOVE = YES;
				CLANG_WARN_UNGUARDED_AVAILABILITY = YES_AGGRESSIVE;
				CLANG_WARN_UNREACHABLE_CODE = YES;
				CLANG_WARN__DUPLICATE_METHOD_MATCH = YES;
				CODE_SIGN_IDENTITY = "iPhone Developer";
				COPY_PHASE_STRIP = NO;
				DEBUG_INFORMATION_FORMAT = dwarf;
				ENABLE_STRICT_OBJC_MSGSEND = YES;
				ENABLE_TESTABILITY = YES;
				GCC_C_LANGUAGE_STANDARD = gnu11;
				GCC_DYNAMIC_NO_PIC = NO;
				GCC_NO_COMMON_BLOCKS = YES;
				GCC_OPTIMIZATION_LEVEL = 0;
				GCC_PREPROCESSOR_DEFINITIONS = (
					"DEBUG=1",
					"$(inherited)",
				);
				GCC_WARN_64_TO_32_BIT_CONVERSION = YES;
				GCC_WARN_ABOUT_RETURN_TYPE = YES_ERROR;
				GCC_WARN_UNDECLARED_SELECTOR = YES;
				GCC_WARN_UNINITIALIZED_AUTOS = YES_AGGRESSIVE;
				GCC_WARN_UNUSED_FUNCTION = YES;
				GCC_WARN_UNUSED_VARIABLE = YES;
				IPHONEOS_DEPLOYMENT_TARGET = 11.0;
				MTL_ENABLE_DEBUG_INFO = YES;
				ONLY_ACTIVE_ARCH = YES;
				SDKROOT = iphoneos;
			};
			name = Debug;
		};
		186E18521F5A601F008C1206 /* Release */ = {
			isa = XCBuildConfiguration;
			buildSettings = {
				ALWAYS_SEARCH_USER_PATHS = NO;
				CLANG_ANALYZER_NONNULL = YES;
				CLANG_ANALYZER_NUMBER_OBJECT_CONVERSION = YES_AGGRESSIVE;
				CLANG_CXX_LANGUAGE_STANDARD = "gnu++14";
				CLANG_CXX_LIBRARY = "libc++";
				CLANG_ENABLE_MODULES = YES;
				CLANG_ENABLE_OBJC_ARC = YES;
				CLANG_WARN_BLOCK_CAPTURE_AUTORELEASING = YES;
				CLANG_WARN_BOOL_CONVERSION = YES;
				CLANG_WARN_COMMA = YES;
				CLANG_WARN_CONSTANT_CONVERSION = YES;
				CLANG_WARN_DIRECT_OBJC_ISA_USAGE = YES_ERROR;
				CLANG_WARN_DOCUMENTATION_COMMENTS = YES;
				CLANG_WARN_EMPTY_BODY = YES;
				CLANG_WARN_ENUM_CONVERSION = YES;
				CLANG_WARN_INFINITE_RECURSION = YES;
				CLANG_WARN_INT_CONVERSION = YES;
				CLANG_WARN_NON_LITERAL_NULL_CONVERSION = YES;
				CLANG_WARN_OBJC_LITERAL_CONVERSION = YES;
				CLANG_WARN_OBJC_ROOT_CLASS = YES_ERROR;
				CLANG_WARN_RANGE_LOOP_ANALYSIS = YES;
				CLANG_WARN_STRICT_PROTOTYPES = YES;
				CLANG_WARN_SUSPICIOUS_MOVE = YES;
				CLANG_WARN_UNGUARDED_AVAILABILITY = YES_AGGRESSIVE;
				CLANG_WARN_UNREACHABLE_CODE = YES;
				CLANG_WARN__DUPLICATE_METHOD_MATCH = YES;
				CODE_SIGN_IDENTITY = "iPhone Developer";
				COPY_PHASE_STRIP = NO;
				DEBUG_INFORMATION_FORMAT = "dwarf-with-dsym";
				ENABLE_NS_ASSERTIONS = NO;
				ENABLE_STRICT_OBJC_MSGSEND = YES;
				GCC_C_LANGUAGE_STANDARD = gnu11;
				GCC_NO_COMMON_BLOCKS = YES;
				GCC_WARN_64_TO_32_BIT_CONVERSION = YES;
				GCC_WARN_ABOUT_RETURN_TYPE = YES_ERROR;
				GCC_WARN_UNDECLARED_SELECTOR = YES;
				GCC_WARN_UNINITIALIZED_AUTOS = YES_AGGRESSIVE;
				GCC_WARN_UNUSED_FUNCTION = YES;
				GCC_WARN_UNUSED_VARIABLE = YES;
				IPHONEOS_DEPLOYMENT_TARGET = 11.0;
				MTL_ENABLE_DEBUG_INFO = NO;
				SDKROOT = iphoneos;
				VALIDATE_PRODUCT = YES;
			};
			name = Release;
		};
		186E18541F5A601F008C1206 /* Debug */ = {
			isa = XCBuildConfiguration;
			buildSettings = {
				ASSETCATALOG_COMPILER_APPICON_NAME = AppIcon;
				CLANG_ENABLE_OBJC_ARC = YES;
				CODE_SIGN_STYLE = Automatic;
				DEVELOPMENT_TEAM = H3NPDJPL6R;
				INFOPLIST_FILE = ARDemo/Info.plist;
				LD_RUNPATH_SEARCH_PATHS = "$(inherited) @executable_path/Frameworks";
				PRODUCT_BUNDLE_IDENTIFIER = fish.ARDemo;
				PRODUCT_NAME = "$(TARGET_NAME)";
				TARGETED_DEVICE_FAMILY = "1,2";
			};
			name = Debug;
		};
		186E18551F5A601F008C1206 /* Release */ = {
			isa = XCBuildConfiguration;
			buildSettings = {
				ASSETCATALOG_COMPILER_APPICON_NAME = AppIcon;
				CLANG_ENABLE_OBJC_ARC = YES;
				CODE_SIGN_STYLE = Automatic;
				DEVELOPMENT_TEAM = H3NPDJPL6R;
				INFOPLIST_FILE = ARDemo/Info.plist;
				LD_RUNPATH_SEARCH_PATHS = "$(inherited) @executable_path/Frameworks";
				PRODUCT_BUNDLE_IDENTIFIER = fish.ARDemo;
				PRODUCT_NAME = "$(TARGET_NAME)";
				TARGETED_DEVICE_FAMILY = "1,2";
			};
			name = Release;
		};
/* End XCBuildConfiguration section */

/* Begin XCConfigurationList section */
		186E18331F5A601F008C1206 /* Build configuration list for PBXProject "ARDemo" */ = {
			isa = XCConfigurationList;
			buildConfigurations = (
				186E18511F5A601F008C1206 /* Debug */,
				186E18521F5A601F008C1206 /* Release */,
			);
			defaultConfigurationIsVisible = 0;
			defaultConfigurationName = Release;
		};
		186E18531F5A601F008C1206 /* Build configuration list for PBXNativeTarget "ARDemo" */ = {
			isa = XCConfigurationList;
			buildConfigurations = (
				186E18541F5A601F008C1206 /* Debug */,
				186E18551F5A601F008C1206 /* Release */,
			);
			defaultConfigurationIsVisible = 0;
			defaultConfigurationName = Release;
		};
/* End XCConfigurationList section */
	};
	rootObject = 186E18301F5A601F008C1206 /* Project object */;
}
