// !$*UTF8*$!
{
	archiveVersion = 1;
	classes = {
	};
	objectVersion = 48;
	objects = {

/* Begin PBXBuildFile section */
		18508A141F5B9EB0006C6C62 /* reset.png in Resources */ = {isa = PBXBuildFile; fileRef = 18508A131F5B9EB0006C6C62 /* reset.png */; };
		18508A171F5BA33D006C6C62 /* UIAlertView+Blocks.m in Sources */ = {isa = PBXBuildFile; fileRef = 18508A161F5BA33D006C6C62 /* UIAlertView+Blocks.m */; };
		18508A191F5BABE8006C6C62 /* distance_notify.png in Resources */ = {isa = PBXBuildFile; fileRef = 18508A181F5BABE8006C6C62 /* distance_notify.png */; };
		186460561F5BDE52007A8E01 /* dz-1 (dragged).tiff in Resources */ = {isa = PBXBuildFile; fileRef = 1864600A1F5BDE52007A8E01 /* dz-1 (dragged).tiff */; };
		186460571F5BDE52007A8E01 /* dz-10 (dragged).tiff in Resources */ = {isa = PBXBuildFile; fileRef = 1864600B1F5BDE52007A8E01 /* dz-10 (dragged).tiff */; };
		186460581F5BDE52007A8E01 /* dz-11 (dragged).tiff in Resources */ = {isa = PBXBuildFile; fileRef = 1864600C1F5BDE52007A8E01 /* dz-11 (dragged).tiff */; };
		186460591F5BDE52007A8E01 /* dz-12 (dragged).tiff in Resources */ = {isa = PBXBuildFile; fileRef = 1864600D1F5BDE52007A8E01 /* dz-12 (dragged).tiff */; };
		1864605A1F5BDE52007A8E01 /* dz-2 (dragged).tiff in Resources */ = {isa = PBXBuildFile; fileRef = 1864600E1F5BDE52007A8E01 /* dz-2 (dragged).tiff */; };
		1864605B1F5BDE52007A8E01 /* dz-3 (dragged).tiff in Resources */ = {isa = PBXBuildFile; fileRef = 1864600F1F5BDE52007A8E01 /* dz-3 (dragged).tiff */; };
		1864605C1F5BDE52007A8E01 /* dz-4 (dragged).tiff in Resources */ = {isa = PBXBuildFile; fileRef = 186460101F5BDE52007A8E01 /* dz-4 (dragged).tiff */; };
		1864605D1F5BDE52007A8E01 /* dz-5 (dragged).tiff in Resources */ = {isa = PBXBuildFile; fileRef = 186460111F5BDE52007A8E01 /* dz-5 (dragged).tiff */; };
		1864605E1F5BDE52007A8E01 /* dz-6 (dragged).tiff in Resources */ = {isa = PBXBuildFile; fileRef = 186460121F5BDE52007A8E01 /* dz-6 (dragged).tiff */; };
		1864605F1F5BDE52007A8E01 /* dz-7 (dragged).tiff in Resources */ = {isa = PBXBuildFile; fileRef = 186460131F5BDE52007A8E01 /* dz-7 (dragged).tiff */; };
		186460601F5BDE52007A8E01 /* dz-8 (dragged).tiff in Resources */ = {isa = PBXBuildFile; fileRef = 186460141F5BDE52007A8E01 /* dz-8 (dragged).tiff */; };
		186460611F5BDE52007A8E01 /* dz-9 (dragged).tiff in Resources */ = {isa = PBXBuildFile; fileRef = 186460151F5BDE52007A8E01 /* dz-9 (dragged).tiff */; };
		186460621F5BDE52007A8E01 /* js-1 (dragged).tiff in Resources */ = {isa = PBXBuildFile; fileRef = 186460171F5BDE52007A8E01 /* js-1 (dragged).tiff */; };
		186460631F5BDE52007A8E01 /* js-2 (dragged).tiff in Resources */ = {isa = PBXBuildFile; fileRef = 186460181F5BDE52007A8E01 /* js-2 (dragged).tiff */; };
		186460641F5BDE52007A8E01 /* js-3 (dragged).tiff in Resources */ = {isa = PBXBuildFile; fileRef = 186460191F5BDE52007A8E01 /* js-3 (dragged).tiff */; };
		186460651F5BDE52007A8E01 /* js-4 (dragged).tiff in Resources */ = {isa = PBXBuildFile; fileRef = 1864601A1F5BDE52007A8E01 /* js-4 (dragged).tiff */; };
		186460661F5BDE52007A8E01 /* js-5 (dragged).tiff in Resources */ = {isa = PBXBuildFile; fileRef = 1864601B1F5BDE52007A8E01 /* js-5 (dragged).tiff */; };
		186460671F5BDE52007A8E01 /* js-6 (dragged).tiff in Resources */ = {isa = PBXBuildFile; fileRef = 1864601C1F5BDE52007A8E01 /* js-6 (dragged).tiff */; };
		186460681F5BDE52007A8E01 /* bql-1 (dragged).tiff in Resources */ = {isa = PBXBuildFile; fileRef = 1864601E1F5BDE52007A8E01 /* bql-1 (dragged).tiff */; };
		186460691F5BDE52007A8E01 /* bql-2 (dragged).tiff in Resources */ = {isa = PBXBuildFile; fileRef = 1864601F1F5BDE52007A8E01 /* bql-2 (dragged).tiff */; };
		1864606A1F5BDE52007A8E01 /* bql-3 (dragged).tiff in Resources */ = {isa = PBXBuildFile; fileRef = 186460201F5BDE52007A8E01 /* bql-3 (dragged).tiff */; };
		1864606B1F5BDE52007A8E01 /* bql-4 (dragged).tiff in Resources */ = {isa = PBXBuildFile; fileRef = 186460211F5BDE52007A8E01 /* bql-4 (dragged).tiff */; };
		1864606C1F5BDE52007A8E01 /* bql-5 (dragged).tiff in Resources */ = {isa = PBXBuildFile; fileRef = 186460221F5BDE52007A8E01 /* bql-5 (dragged).tiff */; };
		1864606D1F5BDE52007A8E01 /* bql-6 (dragged).tiff in Resources */ = {isa = PBXBuildFile; fileRef = 186460231F5BDE52007A8E01 /* bql-6 (dragged).tiff */; };
		1864606E1F5BDE52007A8E01 /* ad-1 (dragged).tiff in Resources */ = {isa = PBXBuildFile; fileRef = 186460251F5BDE52007A8E01 /* ad-1 (dragged).tiff */; };
		1864606F1F5BDE52007A8E01 /* ad-10 (dragged).tiff in Resources */ = {isa = PBXBuildFile; fileRef = 186460261F5BDE52007A8E01 /* ad-10 (dragged).tiff */; };
		186460701F5BDE52007A8E01 /* ad-11 (dragged).tiff in Resources */ = {isa = PBXBuildFile; fileRef = 186460271F5BDE52007A8E01 /* ad-11 (dragged).tiff */; };
		186460711F5BDE52007A8E01 /* ad-12 (dragged).tiff in Resources */ = {isa = PBXBuildFile; fileRef = 186460281F5BDE52007A8E01 /* ad-12 (dragged).tiff */; };
		186460721F5BDE52007A8E01 /* ad-13 (dragged).tiff in Resources */ = {isa = PBXBuildFile; fileRef = 186460291F5BDE52007A8E01 /* ad-13 (dragged).tiff */; };
		186460731F5BDE52007A8E01 /* ad-2 (dragged).tiff in Resources */ = {isa = PBXBuildFile; fileRef = 1864602A1F5BDE52007A8E01 /* ad-2 (dragged).tiff */; };
		186460741F5BDE52007A8E01 /* ad-3 (dragged).tiff in Resources */ = {isa = PBXBuildFile; fileRef = 1864602B1F5BDE52007A8E01 /* ad-3 (dragged).tiff */; };
		186460751F5BDE52007A8E01 /* ad-4 (dragged).tiff in Resources */ = {isa = PBXBuildFile; fileRef = 1864602C1F5BDE52007A8E01 /* ad-4 (dragged).tiff */; };
		186460761F5BDE52007A8E01 /* ad-5 (dragged).tiff in Resources */ = {isa = PBXBuildFile; fileRef = 1864602D1F5BDE52007A8E01 /* ad-5 (dragged).tiff */; };
		186460771F5BDE52007A8E01 /* ad-6 (dragged).tiff in Resources */ = {isa = PBXBuildFile; fileRef = 1864602E1F5BDE52007A8E01 /* ad-6 (dragged).tiff */; };
		186460781F5BDE52007A8E01 /* ad-7 (dragged).tiff in Resources */ = {isa = PBXBuildFile; fileRef = 1864602F1F5BDE52007A8E01 /* ad-7 (dragged).tiff */; };
		186460791F5BDE52007A8E01 /* ad-8 (dragged).tiff in Resources */ = {isa = PBXBuildFile; fileRef = 186460301F5BDE52007A8E01 /* ad-8 (dragged).tiff */; };
		1864607A1F5BDE52007A8E01 /* ad-9 (dragged).tiff in Resources */ = {isa = PBXBuildFile; fileRef = 186460311F5BDE52007A8E01 /* ad-9 (dragged).tiff */; };
		1864607B1F5BDE52007A8E01 /* tr-1 (dragged).tiff in Resources */ = {isa = PBXBuildFile; fileRef = 186460331F5BDE52007A8E01 /* tr-1 (dragged).tiff */; };
		1864607C1F5BDE52007A8E01 /* tr-10 (dragged).tiff in Resources */ = {isa = PBXBuildFile; fileRef = 186460341F5BDE52007A8E01 /* tr-10 (dragged).tiff */; };
		1864607D1F5BDE52007A8E01 /* tr-11 (dragged).tiff in Resources */ = {isa = PBXBuildFile; fileRef = 186460351F5BDE52007A8E01 /* tr-11 (dragged).tiff */; };
		1864607E1F5BDE52007A8E01 /* tr-12 (dragged).tiff in Resources */ = {isa = PBXBuildFile; fileRef = 186460361F5BDE52007A8E01 /* tr-12 (dragged).tiff */; };
		1864607F1F5BDE52007A8E01 /* tr-13 (dragged).tiff in Resources */ = {isa = PBXBuildFile; fileRef = 186460371F5BDE52007A8E01 /* tr-13 (dragged).tiff */; };
		186460801F5BDE52007A8E01 /* tr-14 (dragged).tiff in Resources */ = {isa = PBXBuildFile; fileRef = 186460381F5BDE52007A8E01 /* tr-14 (dragged).tiff */; };
		186460811F5BDE52007A8E01 /* tr-15 (dragged).tiff in Resources */ = {isa = PBXBuildFile; fileRef = 186460391F5BDE52007A8E01 /* tr-15 (dragged).tiff */; };
		186460821F5BDE52007A8E01 /* tr-16 (dragged).tiff in Resources */ = {isa = PBXBuildFile; fileRef = 1864603A1F5BDE52007A8E01 /* tr-16 (dragged).tiff */; };
		186460831F5BDE52007A8E01 /* tr-17 (dragged).tiff in Resources */ = {isa = PBXBuildFile; fileRef = 1864603B1F5BDE52007A8E01 /* tr-17 (dragged).tiff */; };
		186460841F5BDE52007A8E01 /* tr-18 (dragged).tiff in Resources */ = {isa = PBXBuildFile; fileRef = 1864603C1F5BDE52007A8E01 /* tr-18 (dragged).tiff */; };
		186460851F5BDE52007A8E01 /* tr-2 (dragged).tiff in Resources */ = {isa = PBXBuildFile; fileRef = 1864603D1F5BDE52007A8E01 /* tr-2 (dragged).tiff */; };
		186460861F5BDE52007A8E01 /* tr-3 (dragged).tiff in Resources */ = {isa = PBXBuildFile; fileRef = 1864603E1F5BDE52007A8E01 /* tr-3 (dragged).tiff */; };
		186460871F5BDE52007A8E01 /* tr-4 (dragged).tiff in Resources */ = {isa = PBXBuildFile; fileRef = 1864603F1F5BDE52007A8E01 /* tr-4 (dragged).tiff */; };
		186460881F5BDE52007A8E01 /* tr-5 (dragged).tiff in Resources */ = {isa = PBXBuildFile; fileRef = 186460401F5BDE52007A8E01 /* tr-5 (dragged).tiff */; };
		186460891F5BDE52007A8E01 /* tr-6 (dragged).tiff in Resources */ = {isa = PBXBuildFile; fileRef = 186460411F5BDE52007A8E01 /* tr-6 (dragged).tiff */; };
		1864608A1F5BDE52007A8E01 /* tr-7 (dragged).tiff in Resources */ = {isa = PBXBuildFile; fileRef = 186460421F5BDE52007A8E01 /* tr-7 (dragged).tiff */; };
		1864608B1F5BDE52007A8E01 /* tr-8 (dragged).tiff in Resources */ = {isa = PBXBuildFile; fileRef = 186460431F5BDE52007A8E01 /* tr-8 (dragged).tiff */; };
		1864608C1F5BDE52007A8E01 /* tr-9 (dragged).tiff in Resources */ = {isa = PBXBuildFile; fileRef = 186460441F5BDE52007A8E01 /* tr-9 (dragged).tiff */; };
		1864608D1F5BDE52007A8E01 /* ydn-1 (dragged).tiff in Resources */ = {isa = PBXBuildFile; fileRef = 186460461F5BDE52007A8E01 /* ydn-1 (dragged).tiff */; };
		1864608E1F5BDE52007A8E01 /* ydn-10 (dragged).tiff in Resources */ = {isa = PBXBuildFile; fileRef = 186460471F5BDE52007A8E01 /* ydn-10 (dragged).tiff */; };
		1864608F1F5BDE52007A8E01 /* ydn-11 (dragged).tiff in Resources */ = {isa = PBXBuildFile; fileRef = 186460481F5BDE52007A8E01 /* ydn-11 (dragged).tiff */; };
		186460901F5BDE52007A8E01 /* ydn-12 (dragged).tiff in Resources */ = {isa = PBXBuildFile; fileRef = 186460491F5BDE52007A8E01 /* ydn-12 (dragged).tiff */; };
		186460911F5BDE52007A8E01 /* ydn-13 (dragged).tiff in Resources */ = {isa = PBXBuildFile; fileRef = 1864604A1F5BDE52007A8E01 /* ydn-13 (dragged).tiff */; };
		186460921F5BDE52007A8E01 /* ydn-14 (dragged).tiff in Resources */ = {isa = PBXBuildFile; fileRef = 1864604B1F5BDE52007A8E01 /* ydn-14 (dragged).tiff */; };
		186460931F5BDE52007A8E01 /* ydn-15 (dragged).tiff in Resources */ = {isa = PBXBuildFile; fileRef = 1864604C1F5BDE52007A8E01 /* ydn-15 (dragged).tiff */; };
		186460941F5BDE52007A8E01 /* ydn-16 (dragged).tiff in Resources */ = {isa = PBXBuildFile; fileRef = 1864604D1F5BDE52007A8E01 /* ydn-16 (dragged).tiff */; };
		186460951F5BDE52007A8E01 /* ydn-2 (dragged).tiff in Resources */ = {isa = PBXBuildFile; fileRef = 1864604E1F5BDE52007A8E01 /* ydn-2 (dragged).tiff */; };
		186460961F5BDE52007A8E01 /* ydn-3 (dragged).tiff in Resources */ = {isa = PBXBuildFile; fileRef = 1864604F1F5BDE52007A8E01 /* ydn-3 (dragged).tiff */; };
		186460971F5BDE52007A8E01 /* ydn-4 (dragged).tiff in Resources */ = {isa = PBXBuildFile; fileRef = 186460501F5BDE52007A8E01 /* ydn-4 (dragged).tiff */; };
		186460981F5BDE52007A8E01 /* ydn-5 (dragged).tiff in Resources */ = {isa = PBXBuildFile; fileRef = 186460511F5BDE52007A8E01 /* ydn-5 (dragged).tiff */; };
		186460991F5BDE52007A8E01 /* ydn-6 (dragged).tiff in Resources */ = {isa = PBXBuildFile; fileRef = 186460521F5BDE52007A8E01 /* ydn-6 (dragged).tiff */; };
		1864609A1F5BDE52007A8E01 /* ydn-7 (dragged).tiff in Resources */ = {isa = PBXBuildFile; fileRef = 186460531F5BDE52007A8E01 /* ydn-7 (dragged).tiff */; };
		1864609B1F5BDE52007A8E01 /* ydn-8 (dragged).tiff in Resources */ = {isa = PBXBuildFile; fileRef = 186460541F5BDE52007A8E01 /* ydn-8 (dragged).tiff */; };
		1864609C1F5BDE52007A8E01 /* ydn-9 (dragged).tiff in Resources */ = {isa = PBXBuildFile; fileRef = 186460551F5BDE52007A8E01 /* ydn-9 (dragged).tiff */; };
		186E183D1F5A601F008C1206 /* AppDelegate.m in Sources */ = {isa = PBXBuildFile; fileRef = 186E183C1F5A601F008C1206 /* AppDelegate.m */; };
		186E18421F5A601F008C1206 /* Scene.mm in Sources */ = {isa = PBXBuildFile; fileRef = 186E18411F5A601F008C1206 /* Scene.mm */; };
		186E18451F5A601F008C1206 /* ViewController.m in Sources */ = {isa = PBXBuildFile; fileRef = 186E18441F5A601F008C1206 /* ViewController.m */; };
		186E18481F5A601F008C1206 /* Main.storyboard in Resources */ = {isa = PBXBuildFile; fileRef = 186E18461F5A601F008C1206 /* Main.storyboard */; };
		186E184A1F5A601F008C1206 /* Assets.xcassets in Resources */ = {isa = PBXBuildFile; fileRef = 186E18491F5A601F008C1206 /* Assets.xcassets */; };
		186E184D1F5A601F008C1206 /* LaunchScreen.storyboard in Resources */ = {isa = PBXBuildFile; fileRef = 186E184B1F5A601F008C1206 /* LaunchScreen.storyboard */; };
		186E18501F5A601F008C1206 /* main.m in Sources */ = {isa = PBXBuildFile; fileRef = 186E184F1F5A601F008C1206 /* main.m */; };
		18C23A8B1F5AB72C00242C57 /* SceneKit.framework in Frameworks */ = {isa = PBXBuildFile; fileRef = 18C23A8A1F5AB72C00242C57 /* SceneKit.framework */; settings = {ATTRIBUTES = (Weak, ); }; };
		18C23A8D1F5AB73300242C57 /* ARKit.framework in Frameworks */ = {isa = PBXBuildFile; fileRef = 18C23A8C1F5AB73300242C57 /* ARKit.framework */; settings = {ATTRIBUTES = (Weak, ); }; };
		18C23A8F1F5AB73E00242C57 /* SpriteKit.framework in Frameworks */ = {isa = PBXBuildFile; fileRef = 18C23A8E1F5AB73E00242C57 /* SpriteKit.framework */; settings = {ATTRIBUTES = (Weak, ); }; };
/* End PBXBuildFile section */

/* Begin PBXFileReference section */
		1829CB2D1F5C03170099EF6B /* direction_notify.png */ = {isa = PBXFileReference; lastKnownFileType = image.png; name = direction_notify.png; path = ARDemo/direction_notify.png; sourceTree = SOURCE_ROOT; };
		18508A131F5B9EB0006C6C62 /* reset.png */ = {isa = PBXFileReference; lastKnownFileType = image.png; path = reset.png; sourceTree = "<group>"; };
		18508A151F5BA33D006C6C62 /* UIAlertView+Blocks.h */ = {isa = PBXFileReference; fileEncoding = 4; lastKnownFileType = sourcecode.c.h; path = "UIAlertView+Blocks.h"; sourceTree = "<group>"; };
		18508A161F5BA33D006C6C62 /* UIAlertView+Blocks.m */ = {isa = PBXFileReference; fileEncoding = 4; lastKnownFileType = sourcecode.c.objc; path = "UIAlertView+Blocks.m"; sourceTree = "<group>"; };
		18508A181F5BABE8006C6C62 /* distance_notify.png */ = {isa = PBXFileReference; lastKnownFileType = image.png; path = distance_notify.png; sourceTree = "<group>"; };
		1864600A1F5BDE52007A8E01 /* dz-1 (dragged).tiff */ = {isa = PBXFileReference; lastKnownFileType = image.tiff; path = "dz-1 (dragged).tiff"; sourceTree = "<group>"; };
		1864600B1F5BDE52007A8E01 /* dz-10 (dragged).tiff */ = {isa = PBXFileReference; lastKnownFileType = image.tiff; path = "dz-10 (dragged).tiff"; sourceTree = "<group>"; };
		1864600C1F5BDE52007A8E01 /* dz-11 (dragged).tiff */ = {isa = PBXFileReference; lastKnownFileType = image.tiff; path = "dz-11 (dragged).tiff"; sourceTree = "<group>"; };
		1864600D1F5BDE52007A8E01 /* dz-12 (dragged).tiff */ = {isa = PBXFileReference; lastKnownFileType = image.tiff; path = "dz-12 (dragged).tiff"; sourceTree = "<group>"; };
		1864600E1F5BDE52007A8E01 /* dz-2 (dragged).tiff */ = {isa = PBXFileReference; lastKnownFileType = image.tiff; path = "dz-2 (dragged).tiff"; sourceTree = "<group>"; };
		1864600F1F5BDE52007A8E01 /* dz-3 (dragged).tiff */ = {isa = PBXFileReference; lastKnownFileType = image.tiff; path = "dz-3 (dragged).tiff"; sourceTree = "<group>"; };
		186460101F5BDE52007A8E01 /* dz-4 (dragged).tiff */ = {isa = PBXFileReference; lastKnownFileType = image.tiff; path = "dz-4 (dragged).tiff"; sourceTree = "<group>"; };
		186460111F5BDE52007A8E01 /* dz-5 (dragged).tiff */ = {isa = PBXFileReference; lastKnownFileType = image.tiff; path = "dz-5 (dragged).tiff"; sourceTree = "<group>"; };
		186460121F5BDE52007A8E01 /* dz-6 (dragged).tiff */ = {isa = PBXFileReference; lastKnownFileType = image.tiff; path = "dz-6 (dragged).tiff"; sourceTree = "<group>"; };
		186460131F5BDE52007A8E01 /* dz-7 (dragged).tiff */ = {isa = PBXFileReference; lastKnownFileType = image.tiff; path = "dz-7 (dragged).tiff"; sourceTree = "<group>"; };
		186460141F5BDE52007A8E01 /* dz-8 (dragged).tiff */ = {isa = PBXFileReference; lastKnownFileType = image.tiff; path = "dz-8 (dragged).tiff"; sourceTree = "<group>"; };
		186460151F5BDE52007A8E01 /* dz-9 (dragged).tiff */ = {isa = PBXFileReference; lastKnownFileType = image.tiff; path = "dz-9 (dragged).tiff"; sourceTree = "<group>"; };
		186460171F5BDE52007A8E01 /* js-1 (dragged).tiff */ = {isa = PBXFileReference; lastKnownFileType = image.tiff; path = "js-1 (dragged).tiff"; sourceTree = "<group>"; };
		186460181F5BDE52007A8E01 /* js-2 (dragged).tiff */ = {isa = PBXFileReference; lastKnownFileType = image.tiff; path = "js-2 (dragged).tiff"; sourceTree = "<group>"; };
		186460191F5BDE52007A8E01 /* js-3 (dragged).tiff */ = {isa = PBXFileReference; lastKnownFileType = image.tiff; path = "js-3 (dragged).tiff"; sourceTree = "<group>"; };
		1864601A1F5BDE52007A8E01 /* js-4 (dragged).tiff */ = {isa = PBXFileReference; lastKnownFileType = image.tiff; path = "js-4 (dragged).tiff"; sourceTree = "<group>"; };
		1864601B1F5BDE52007A8E01 /* js-5 (dragged).tiff */ = {isa = PBXFileReference; lastKnownFileType = image.tiff; path = "js-5 (dragged).tiff"; sourceTree = "<group>"; };
		1864601C1F5BDE52007A8E01 /* js-6 (dragged).tiff */ = {isa = PBXFileReference; lastKnownFileType = image.tiff; path = "js-6 (dragged).tiff"; sourceTree = "<group>"; };
		1864601E1F5BDE52007A8E01 /* bql-1 (dragged).tiff */ = {isa = PBXFileReference; lastKnownFileType = image.tiff; path = "bql-1 (dragged).tiff"; sourceTree = "<group>"; };
		1864601F1F5BDE52007A8E01 /* bql-2 (dragged).tiff */ = {isa = PBXFileReference; lastKnownFileType = image.tiff; path = "bql-2 (dragged).tiff"; sourceTree = "<group>"; };
		186460201F5BDE52007A8E01 /* bql-3 (dragged).tiff */ = {isa = PBXFileReference; lastKnownFileType = image.tiff; path = "bql-3 (dragged).tiff"; sourceTree = "<group>"; };
		186460211F5BDE52007A8E01 /* bql-4 (dragged).tiff */ = {isa = PBXFileReference; lastKnownFileType = image.tiff; path = "bql-4 (dragged).tiff"; sourceTree = "<group>"; };
		186460221F5BDE52007A8E01 /* bql-5 (dragged).tiff */ = {isa = PBXFileReference; lastKnownFileType = image.tiff; path = "bql-5 (dragged).tiff"; sourceTree = "<group>"; };
		186460231F5BDE52007A8E01 /* bql-6 (dragged).tiff */ = {isa = PBXFileReference; lastKnownFileType = image.tiff; path = "bql-6 (dragged).tiff"; sourceTree = "<group>"; };
		186460251F5BDE52007A8E01 /* ad-1 (dragged).tiff */ = {isa = PBXFileReference; lastKnownFileType = image.tiff; path = "ad-1 (dragged).tiff"; sourceTree = "<group>"; };
		186460261F5BDE52007A8E01 /* ad-10 (dragged).tiff */ = {isa = PBXFileReference; lastKnownFileType = image.tiff; path = "ad-10 (dragged).tiff"; sourceTree = "<group>"; };
		186460271F5BDE52007A8E01 /* ad-11 (dragged).tiff */ = {isa = PBXFileReference; lastKnownFileType = image.tiff; path = "ad-11 (dragged).tiff"; sourceTree = "<group>"; };
		186460281F5BDE52007A8E01 /* ad-12 (dragged).tiff */ = {isa = PBXFileReference; lastKnownFileType = image.tiff; path = "ad-12 (dragged).tiff"; sourceTree = "<group>"; };
		186460291F5BDE52007A8E01 /* ad-13 (dragged).tiff */ = {isa = PBXFileReference; lastKnownFileType = image.tiff; path = "ad-13 (dragged).tiff"; sourceTree = "<group>"; };
		1864602A1F5BDE52007A8E01 /* ad-2 (dragged).tiff */ = {isa = PBXFileReference; lastKnownFileType = image.tiff; path = "ad-2 (dragged).tiff"; sourceTree = "<group>"; };
		1864602B1F5BDE52007A8E01 /* ad-3 (dragged).tiff */ = {isa = PBXFileReference; lastKnownFileType = image.tiff; path = "ad-3 (dragged).tiff"; sourceTree = "<group>"; };
		1864602C1F5BDE52007A8E01 /* ad-4 (dragged).tiff */ = {isa = PBXFileReference; lastKnownFileType = image.tiff; path = "ad-4 (dragged).tiff"; sourceTree = "<group>"; };
		1864602D1F5BDE52007A8E01 /* ad-5 (dragged).tiff */ = {isa = PBXFileReference; lastKnownFileType = image.tiff; path = "ad-5 (dragged).tiff"; sourceTree = "<group>"; };
		1864602E1F5BDE52007A8E01 /* ad-6 (dragged).tiff */ = {isa = PBXFileReference; lastKnownFileType = image.tiff; path = "ad-6 (dragged).tiff"; sourceTree = "<group>"; };
		1864602F1F5BDE52007A8E01 /* ad-7 (dragged).tiff */ = {isa = PBXFileReference; lastKnownFileType = image.tiff; path = "ad-7 (dragged).tiff"; sourceTree = "<group>"; };
		186460301F5BDE52007A8E01 /* ad-8 (dragged).tiff */ = {isa = PBXFileReference; lastKnownFileType = image.tiff; path = "ad-8 (dragged).tiff"; sourceTree = "<group>"; };
		186460311F5BDE52007A8E01 /* ad-9 (dragged).tiff */ = {isa = PBXFileReference; lastKnownFileType = image.tiff; path = "ad-9 (dragged).tiff"; sourceTree = "<group>"; };
		186460331F5BDE52007A8E01 /* tr-1 (dragged).tiff */ = {isa = PBXFileReference; lastKnownFileType = image.tiff; path = "tr-1 (dragged).tiff"; sourceTree = "<group>"; };
		186460341F5BDE52007A8E01 /* tr-10 (dragged).tiff */ = {isa = PBXFileReference; lastKnownFileType = image.tiff; path = "tr-10 (dragged).tiff"; sourceTree = "<group>"; };
		186460351F5BDE52007A8E01 /* tr-11 (dragged).tiff */ = {isa = PBXFileReference; lastKnownFileType = image.tiff; path = "tr-11 (dragged).tiff"; sourceTree = "<group>"; };
		186460361F5BDE52007A8E01 /* tr-12 (dragged).tiff */ = {isa = PBXFileReference; lastKnownFileType = image.tiff; path = "tr-12 (dragged).tiff"; sourceTree = "<group>"; };
		186460371F5BDE52007A8E01 /* tr-13 (dragged).tiff */ = {isa = PBXFileReference; lastKnownFileType = image.tiff; path = "tr-13 (dragged).tiff"; sourceTree = "<group>"; };
		186460381F5BDE52007A8E01 /* tr-14 (dragged).tiff */ = {isa = PBXFileReference; lastKnownFileType = image.tiff; path = "tr-14 (dragged).tiff"; sourceTree = "<group>"; };
		186460391F5BDE52007A8E01 /* tr-15 (dragged).tiff */ = {isa = PBXFileReference; lastKnownFileType = image.tiff; path = "tr-15 (dragged).tiff"; sourceTree = "<group>"; };
		1864603A1F5BDE52007A8E01 /* tr-16 (dragged).tiff */ = {isa = PBXFileReference; lastKnownFileType = image.tiff; path = "tr-16 (dragged).tiff"; sourceTree = "<group>"; };
		1864603B1F5BDE52007A8E01 /* tr-17 (dragged).tiff */ = {isa = PBXFileReference; lastKnownFileType = image.tiff; path = "tr-17 (dragged).tiff"; sourceTree = "<group>"; };
		1864603C1F5BDE52007A8E01 /* tr-18 (dragged).tiff */ = {isa = PBXFileReference; lastKnownFileType = image.tiff; path = "tr-18 (dragged).tiff"; sourceTree = "<group>"; };
		1864603D1F5BDE52007A8E01 /* tr-2 (dragged).tiff */ = {isa = PBXFileReference; lastKnownFileType = image.tiff; path = "tr-2 (dragged).tiff"; sourceTree = "<group>"; };
		1864603E1F5BDE52007A8E01 /* tr-3 (dragged).tiff */ = {isa = PBXFileReference; lastKnownFileType = image.tiff; path = "tr-3 (dragged).tiff"; sourceTree = "<group>"; };
		1864603F1F5BDE52007A8E01 /* tr-4 (dragged).tiff */ = {isa = PBXFileReference; lastKnownFileType = image.tiff; path = "tr-4 (dragged).tiff"; sourceTree = "<group>"; };
		186460401F5BDE52007A8E01 /* tr-5 (dragged).tiff */ = {isa = PBXFileReference; lastKnownFileType = image.tiff; path = "tr-5 (dragged).tiff"; sourceTree = "<group>"; };
		186460411F5BDE52007A8E01 /* tr-6 (dragged).tiff */ = {isa = PBXFileReference; lastKnownFileType = image.tiff; path = "tr-6 (dragged).tiff"; sourceTree = "<group>"; };
		186460421F5BDE52007A8E01 /* tr-7 (dragged).tiff */ = {isa = PBXFileReference; lastKnownFileType = image.tiff; path = "tr-7 (dragged).tiff"; sourceTree = "<group>"; };
		186460431F5BDE52007A8E01 /* tr-8 (dragged).tiff */ = {isa = PBXFileReference; lastKnownFileType = image.tiff; path = "tr-8 (dragged).tiff"; sourceTree = "<group>"; };
		186460441F5BDE52007A8E01 /* tr-9 (dragged).tiff */ = {isa = PBXFileReference; lastKnownFileType = image.tiff; path = "tr-9 (dragged).tiff"; sourceTree = "<group>"; };
		186460461F5BDE52007A8E01 /* ydn-1 (dragged).tiff */ = {isa = PBXFileReference; lastKnownFileType = image.tiff; path = "ydn-1 (dragged).tiff"; sourceTree = "<group>"; };
		186460471F5BDE52007A8E01 /* ydn-10 (dragged).tiff */ = {isa = PBXFileReference; lastKnownFileType = image.tiff; path = "ydn-10 (dragged).tiff"; sourceTree = "<group>"; };
		186460481F5BDE52007A8E01 /* ydn-11 (dragged).tiff */ = {isa = PBXFileReference; lastKnownFileType = image.tiff; path = "ydn-11 (dragged).tiff"; sourceTree = "<group>"; };
		186460491F5BDE52007A8E01 /* ydn-12 (dragged).tiff */ = {isa = PBXFileReference; lastKnownFileType = image.tiff; path = "ydn-12 (dragged).tiff"; sourceTree = "<group>"; };
		1864604A1F5BDE52007A8E01 /* ydn-13 (dragged).tiff */ = {isa = PBXFileReference; lastKnownFileType = image.tiff; path = "ydn-13 (dragged).tiff"; sourceTree = "<group>"; };
		1864604B1F5BDE52007A8E01 /* ydn-14 (dragged).tiff */ = {isa = PBXFileReference; lastKnownFileType = image.tiff; path = "ydn-14 (dragged).tiff"; sourceTree = "<group>"; };
		1864604C1F5BDE52007A8E01 /* ydn-15 (dragged).tiff */ = {isa = PBXFileReference; lastKnownFileType = image.tiff; path = "ydn-15 (dragged).tiff"; sourceTree = "<group>"; };
		1864604D1F5BDE52007A8E01 /* ydn-16 (dragged).tiff */ = {isa = PBXFileReference; lastKnownFileType = image.tiff; path = "ydn-16 (dragged).tiff"; sourceTree = "<group>"; };
		1864604E1F5BDE52007A8E01 /* ydn-2 (dragged).tiff */ = {isa = PBXFileReference; lastKnownFileType = image.tiff; path = "ydn-2 (dragged).tiff"; sourceTree = "<group>"; };
		1864604F1F5BDE52007A8E01 /* ydn-3 (dragged).tiff */ = {isa = PBXFileReference; lastKnownFileType = image.tiff; path = "ydn-3 (dragged).tiff"; sourceTree = "<group>"; };
		186460501F5BDE52007A8E01 /* ydn-4 (dragged).tiff */ = {isa = PBXFileReference; lastKnownFileType = image.tiff; path = "ydn-4 (dragged).tiff"; sourceTree = "<group>"; };
		186460511F5BDE52007A8E01 /* ydn-5 (dragged).tiff */ = {isa = PBXFileReference; lastKnownFileType = image.tiff; path = "ydn-5 (dragged).tiff"; sourceTree = "<group>"; };
		186460521F5BDE52007A8E01 /* ydn-6 (dragged).tiff */ = {isa = PBXFileReference; lastKnownFileType = image.tiff; path = "ydn-6 (dragged).tiff"; sourceTree = "<group>"; };
		186460531F5BDE52007A8E01 /* ydn-7 (dragged).tiff */ = {isa = PBXFileReference; lastKnownFileType = image.tiff; path = "ydn-7 (dragged).tiff"; sourceTree = "<group>"; };
		186460541F5BDE52007A8E01 /* ydn-8 (dragged).tiff */ = {isa = PBXFileReference; lastKnownFileType = image.tiff; path = "ydn-8 (dragged).tiff"; sourceTree = "<group>"; };
		186460551F5BDE52007A8E01 /* ydn-9 (dragged).tiff */ = {isa = PBXFileReference; lastKnownFileType = image.tiff; path = "ydn-9 (dragged).tiff"; sourceTree = "<group>"; };
		186E18381F5A601F008C1206 /* ARDemo.app */ = {isa = PBXFileReference; explicitFileType = wrapper.application; includeInIndex = 0; path = ARDemo.app; sourceTree = BUILT_PRODUCTS_DIR; };
		186E183B1F5A601F008C1206 /* AppDelegate.h */ = {isa = PBXFileReference; lastKnownFileType = sourcecode.c.h; path = AppDelegate.h; sourceTree = "<group>"; };
		186E183C1F5A601F008C1206 /* AppDelegate.m */ = {isa = PBXFileReference; lastKnownFileType = sourcecode.c.objc; path = AppDelegate.m; sourceTree = "<group>"; };
		186E18401F5A601F008C1206 /* Scene.h */ = {isa = PBXFileReference; lastKnownFileType = sourcecode.c.h; path = Scene.h; sourceTree = "<group>"; };
		186E18411F5A601F008C1206 /* Scene.mm */ = {isa = PBXFileReference; fileEncoding = 4; lastKnownFileType = sourcecode.cpp.objcpp; lineEnding = 0; path = Scene.mm; sourceTree = "<group>"; };
		186E18431F5A601F008C1206 /* ViewController.h */ = {isa = PBXFileReference; lastKnownFileType = sourcecode.c.h; path = ViewController.h; sourceTree = "<group>"; };
		186E18441F5A601F008C1206 /* ViewController.m */ = {isa = PBXFileReference; lastKnownFileType = sourcecode.c.objc; path = ViewController.m; sourceTree = "<group>"; };
		186E18471F5A601F008C1206 /* Base */ = {isa = PBXFileReference; lastKnownFileType = file.storyboard; name = Base; path = Base.lproj/Main.storyboard; sourceTree = "<group>"; };
		186E18491F5A601F008C1206 /* Assets.xcassets */ = {isa = PBXFileReference; lastKnownFileType = folder.assetcatalog; path = Assets.xcassets; sourceTree = "<group>"; };
		186E184C1F5A601F008C1206 /* Base */ = {isa = PBXFileReference; lastKnownFileType = file.storyboard; name = Base; path = Base.lproj/LaunchScreen.storyboard; sourceTree = "<group>"; };
		186E184E1F5A601F008C1206 /* Info.plist */ = {isa = PBXFileReference; lastKnownFileType = text.plist.xml; path = Info.plist; sourceTree = "<group>"; };
		186E184F1F5A601F008C1206 /* main.m */ = {isa = PBXFileReference; lastKnownFileType = sourcecode.c.objc; path = main.m; sourceTree = "<group>"; };
		18C23A8A1F5AB72C00242C57 /* SceneKit.framework */ = {isa = PBXFileReference; lastKnownFileType = wrapper.framework; name = SceneKit.framework; path = System/Library/Frameworks/SceneKit.framework; sourceTree = SDKROOT; };
		18C23A8C1F5AB73300242C57 /* ARKit.framework */ = {isa = PBXFileReference; lastKnownFileType = wrapper.framework; name = ARKit.framework; path = System/Library/Frameworks/ARKit.framework; sourceTree = SDKROOT; };
		18C23A8E1F5AB73E00242C57 /* SpriteKit.framework */ = {isa = PBXFileReference; lastKnownFileType = wrapper.framework; name = SpriteKit.framework; path = System/Library/Frameworks/SpriteKit.framework; sourceTree = SDKROOT; };
/* End PBXFileReference section */

/* Begin PBXFrameworksBuildPhase section */
		186E18351F5A601F008C1206 /* Frameworks */ = {
			isa = PBXFrameworksBuildPhase;
			buildActionMask = 2147483647;
			files = (
				18C23A8F1F5AB73E00242C57 /* SpriteKit.framework in Frameworks */,
				18C23A8D1F5AB73300242C57 /* ARKit.framework in Frameworks */,
				18C23A8B1F5AB72C00242C57 /* SceneKit.framework in Frameworks */,
			);
			runOnlyForDeploymentPostprocessing = 0;
		};
/* End PBXFrameworksBuildPhase section */

/* Begin PBXGroup section */
		186460081F5BDE52007A8E01 /* gif */ = {
			isa = PBXGroup;
			children = (
				186460091F5BDE52007A8E01 /* 东丈 */,
				186460161F5BDE52007A8E01 /* 吉斯 */,
				1864601D1F5BDE52007A8E01 /* 坂崎良 */,
				186460241F5BDE52007A8E01 /* 安迪 */,
				186460321F5BDE52007A8E01 /* 特瑞 */,
				186460451F5BDE52007A8E01 /* 雅典娜 */,
			);
			path = gif;
			sourceTree = "<group>";
		};
		186460091F5BDE52007A8E01 /* 东丈 */ = {
			isa = PBXGroup;
			children = (
				1864600A1F5BDE52007A8E01 /* dz-1 (dragged).tiff */,
				1864600B1F5BDE52007A8E01 /* dz-10 (dragged).tiff */,
				1864600C1F5BDE52007A8E01 /* dz-11 (dragged).tiff */,
				1864600D1F5BDE52007A8E01 /* dz-12 (dragged).tiff */,
				1864600E1F5BDE52007A8E01 /* dz-2 (dragged).tiff */,
				1864600F1F5BDE52007A8E01 /* dz-3 (dragged).tiff */,
				186460101F5BDE52007A8E01 /* dz-4 (dragged).tiff */,
				186460111F5BDE52007A8E01 /* dz-5 (dragged).tiff */,
				186460121F5BDE52007A8E01 /* dz-6 (dragged).tiff */,
				186460131F5BDE52007A8E01 /* dz-7 (dragged).tiff */,
				186460141F5BDE52007A8E01 /* dz-8 (dragged).tiff */,
				186460151F5BDE52007A8E01 /* dz-9 (dragged).tiff */,
			);
			path = "东丈";
			sourceTree = "<group>";
		};
		186460161F5BDE52007A8E01 /* 吉斯 */ = {
			isa = PBXGroup;
			children = (
				186460171F5BDE52007A8E01 /* js-1 (dragged).tiff */,
				186460181F5BDE52007A8E01 /* js-2 (dragged).tiff */,
				186460191F5BDE52007A8E01 /* js-3 (dragged).tiff */,
				1864601A1F5BDE52007A8E01 /* js-4 (dragged).tiff */,
				1864601B1F5BDE52007A8E01 /* js-5 (dragged).tiff */,
				1864601C1F5BDE52007A8E01 /* js-6 (dragged).tiff */,
			);
			path = "吉斯";
			sourceTree = "<group>";
		};
		1864601D1F5BDE52007A8E01 /* 坂崎良 */ = {
			isa = PBXGroup;
			children = (
				1864601E1F5BDE52007A8E01 /* bql-1 (dragged).tiff */,
				1864601F1F5BDE52007A8E01 /* bql-2 (dragged).tiff */,
				186460201F5BDE52007A8E01 /* bql-3 (dragged).tiff */,
				186460211F5BDE52007A8E01 /* bql-4 (dragged).tiff */,
				186460221F5BDE52007A8E01 /* bql-5 (dragged).tiff */,
				186460231F5BDE52007A8E01 /* bql-6 (dragged).tiff */,
			);
			path = "坂崎良";
			sourceTree = "<group>";
		};
		186460241F5BDE52007A8E01 /* 安迪 */ = {
			isa = PBXGroup;
			children = (
				186460251F5BDE52007A8E01 /* ad-1 (dragged).tiff */,
				186460261F5BDE52007A8E01 /* ad-10 (dragged).tiff */,
				186460271F5BDE52007A8E01 /* ad-11 (dragged).tiff */,
				186460281F5BDE52007A8E01 /* ad-12 (dragged).tiff */,
				186460291F5BDE52007A8E01 /* ad-13 (dragged).tiff */,
				1864602A1F5BDE52007A8E01 /* ad-2 (dragged).tiff */,
				1864602B1F5BDE52007A8E01 /* ad-3 (dragged).tiff */,
				1864602C1F5BDE52007A8E01 /* ad-4 (dragged).tiff */,
				1864602D1F5BDE52007A8E01 /* ad-5 (dragged).tiff */,
				1864602E1F5BDE52007A8E01 /* ad-6 (dragged).tiff */,
				1864602F1F5BDE52007A8E01 /* ad-7 (dragged).tiff */,
				186460301F5BDE52007A8E01 /* ad-8 (dragged).tiff */,
				186460311F5BDE52007A8E01 /* ad-9 (dragged).tiff */,
			);
			path = "安迪";
			sourceTree = "<group>";
		};
		186460321F5BDE52007A8E01 /* 特瑞 */ = {
			isa = PBXGroup;
			children = (
				186460331F5BDE52007A8E01 /* tr-1 (dragged).tiff */,
				186460341F5BDE52007A8E01 /* tr-10 (dragged).tiff */,
				186460351F5BDE52007A8E01 /* tr-11 (dragged).tiff */,
				186460361F5BDE52007A8E01 /* tr-12 (dragged).tiff */,
				186460371F5BDE52007A8E01 /* tr-13 (dragged).tiff */,
				186460381F5BDE52007A8E01 /* tr-14 (dragged).tiff */,
				186460391F5BDE52007A8E01 /* tr-15 (dragged).tiff */,
				1864603A1F5BDE52007A8E01 /* tr-16 (dragged).tiff */,
				1864603B1F5BDE52007A8E01 /* tr-17 (dragged).tiff */,
				1864603C1F5BDE52007A8E01 /* tr-18 (dragged).tiff */,
				1864603D1F5BDE52007A8E01 /* tr-2 (dragged).tiff */,
				1864603E1F5BDE52007A8E01 /* tr-3 (dragged).tiff */,
				1864603F1F5BDE52007A8E01 /* tr-4 (dragged).tiff */,
				186460401F5BDE52007A8E01 /* tr-5 (dragged).tiff */,
				186460411F5BDE52007A8E01 /* tr-6 (dragged).tiff */,
				186460421F5BDE52007A8E01 /* tr-7 (dragged).tiff */,
				186460431F5BDE52007A8E01 /* tr-8 (dragged).tiff */,
				186460441F5BDE52007A8E01 /* tr-9 (dragged).tiff */,
			);
			path = "特瑞";
			sourceTree = "<group>";
		};
		186460451F5BDE52007A8E01 /* 雅典娜 */ = {
			isa = PBXGroup;
			children = (
				186460461F5BDE52007A8E01 /* ydn-1 (dragged).tiff */,
				186460471F5BDE52007A8E01 /* ydn-10 (dragged).tiff */,
				186460481F5BDE52007A8E01 /* ydn-11 (dragged).tiff */,
				186460491F5BDE52007A8E01 /* ydn-12 (dragged).tiff */,
				1864604A1F5BDE52007A8E01 /* ydn-13 (dragged).tiff */,
				1864604B1F5BDE52007A8E01 /* ydn-14 (dragged).tiff */,
				1864604C1F5BDE52007A8E01 /* ydn-15 (dragged).tiff */,
				1864604D1F5BDE52007A8E01 /* ydn-16 (dragged).tiff */,
				1864604E1F5BDE52007A8E01 /* ydn-2 (dragged).tiff */,
				1864604F1F5BDE52007A8E01 /* ydn-3 (dragged).tiff */,
				186460501F5BDE52007A8E01 /* ydn-4 (dragged).tiff */,
				186460511F5BDE52007A8E01 /* ydn-5 (dragged).tiff */,
				186460521F5BDE52007A8E01 /* ydn-6 (dragged).tiff */,
				186460531F5BDE52007A8E01 /* ydn-7 (dragged).tiff */,
				186460541F5BDE52007A8E01 /* ydn-8 (dragged).tiff */,
				186460551F5BDE52007A8E01 /* ydn-9 (dragged).tiff */,
			);
			path = "雅典娜";
			sourceTree = "<group>";
		};
		186E182F1F5A601F008C1206 = {
			isa = PBXGroup;
			children = (
				186E183A1F5A601F008C1206 /* ARDemo */,
				186E18391F5A601F008C1206 /* Products */,
				18C23A891F5AB72C00242C57 /* Frameworks */,
			);
			sourceTree = "<group>";
		};
		186E18391F5A601F008C1206 /* Products */ = {
			isa = PBXGroup;
			children = (
				186E18381F5A601F008C1206 /* ARDemo.app */,
			);
			name = Products;
			sourceTree = "<group>";
		};
		186E183A1F5A601F008C1206 /* ARDemo */ = {
			isa = PBXGroup;
			children = (
				186460081F5BDE52007A8E01 /* gif */,
				18508A181F5BABE8006C6C62 /* distance_notify.png */,
				1829CB2D1F5C03170099EF6B /* direction_notify.png */,
				18508A151F5BA33D006C6C62 /* UIAlertView+Blocks.h */,
				18508A161F5BA33D006C6C62 /* UIAlertView+Blocks.m */,
				18508A131F5B9EB0006C6C62 /* reset.png */,
				186E183B1F5A601F008C1206 /* AppDelegate.h */,
				186E183C1F5A601F008C1206 /* AppDelegate.m */,
				186E18401F5A601F008C1206 /* Scene.h */,
				186E18411F5A601F008C1206 /* Scene.mm */,
				186E18431F5A601F008C1206 /* ViewController.h */,
				186E18441F5A601F008C1206 /* ViewController.m */,
				186E18461F5A601F008C1206 /* Main.storyboard */,
				186E18491F5A601F008C1206 /* Assets.xcassets */,
				186E184B1F5A601F008C1206 /* LaunchScreen.storyboard */,
				186E184E1F5A601F008C1206 /* Info.plist */,
				186E184F1F5A601F008C1206 /* main.m */,
			);
			path = ARDemo;
			sourceTree = "<group>";
		};
		18C23A891F5AB72C00242C57 /* Frameworks */ = {
			isa = PBXGroup;
			children = (
				18C23A8E1F5AB73E00242C57 /* SpriteKit.framework */,
				18C23A8C1F5AB73300242C57 /* ARKit.framework */,
				18C23A8A1F5AB72C00242C57 /* SceneKit.framework */,
			);
			name = Frameworks;
			sourceTree = "<group>";
		};
/* End PBXGroup section */

/* Begin PBXNativeTarget section */
		186E18371F5A601F008C1206 /* ARDemo */ = {
			isa = PBXNativeTarget;
			buildConfigurationList = 186E18531F5A601F008C1206 /* Build configuration list for PBXNativeTarget "ARDemo" */;
			buildPhases = (
				186E18341F5A601F008C1206 /* Sources */,
				186E18351F5A601F008C1206 /* Frameworks */,
				186E18361F5A601F008C1206 /* Resources */,
			);
			buildRules = (
			);
			dependencies = (
			);
			name = ARDemo;
			productName = ARDemo;
			productReference = 186E18381F5A601F008C1206 /* ARDemo.app */;
			productType = "com.apple.product-type.application";
		};
/* End PBXNativeTarget section */

/* Begin PBXProject section */
		186E18301F5A601F008C1206 /* Project object */ = {
			isa = PBXProject;
			attributes = {
				LastUpgradeCheck = 0900;
				ORGANIZATIONNAME = fish;
				TargetAttributes = {
					186E18371F5A601F008C1206 = {
						CreatedOnToolsVersion = 9.0;
						ProvisioningStyle = Automatic;
					};
				};
			};
			buildConfigurationList = 186E18331F5A601F008C1206 /* Build configuration list for PBXProject "ARDemo" */;
			compatibilityVersion = "Xcode 8.0";
			developmentRegion = en;
			hasScannedForEncodings = 0;
			knownRegions = (
				en,
				Base,
			);
			mainGroup = 186E182F1F5A601F008C1206;
			productRefGroup = 186E18391F5A601F008C1206 /* Products */;
			projectDirPath = "";
			projectRoot = "";
			targets = (
				186E18371F5A601F008C1206 /* ARDemo */,
			);
		};
/* End PBXProject section */

/* Begin PBXResourcesBuildPhase section */
		186E18361F5A601F008C1206 /* Resources */ = {
			isa = PBXResourcesBuildPhase;
			buildActionMask = 2147483647;
			files = (
				1864609B1F5BDE52007A8E01 /* ydn-8 (dragged).tiff in Resources */,
				186460761F5BDE52007A8E01 /* ad-5 (dragged).tiff in Resources */,
				186460591F5BDE52007A8E01 /* dz-12 (dragged).tiff in Resources */,
				1864608A1F5BDE52007A8E01 /* tr-7 (dragged).tiff in Resources */,
				186460971F5BDE52007A8E01 /* ydn-4 (dragged).tiff in Resources */,
				186460691F5BDE52007A8E01 /* bql-2 (dragged).tiff in Resources */,
				1864609A1F5BDE52007A8E01 /* ydn-7 (dragged).tiff in Resources */,
				186460721F5BDE52007A8E01 /* ad-13 (dragged).tiff in Resources */,
				186460911F5BDE52007A8E01 /* ydn-13 (dragged).tiff in Resources */,
				186460611F5BDE52007A8E01 /* dz-9 (dragged).tiff in Resources */,
				186E184D1F5A601F008C1206 /* LaunchScreen.storyboard in Resources */,
				186460671F5BDE52007A8E01 /* js-6 (dragged).tiff in Resources */,
				186460601F5BDE52007A8E01 /* dz-8 (dragged).tiff in Resources */,
				186460781F5BDE52007A8E01 /* ad-7 (dragged).tiff in Resources */,
				186460961F5BDE52007A8E01 /* ydn-3 (dragged).tiff in Resources */,
				1864605A1F5BDE52007A8E01 /* dz-2 (dragged).tiff in Resources */,
				186460881F5BDE52007A8E01 /* tr-5 (dragged).tiff in Resources */,
				186460741F5BDE52007A8E01 /* ad-3 (dragged).tiff in Resources */,
				1864607C1F5BDE52007A8E01 /* tr-10 (dragged).tiff in Resources */,
				186460561F5BDE52007A8E01 /* dz-1 (dragged).tiff in Resources */,
				1864607E1F5BDE52007A8E01 /* tr-12 (dragged).tiff in Resources */,
				186460571F5BDE52007A8E01 /* dz-10 (dragged).tiff in Resources */,
				1864607B1F5BDE52007A8E01 /* tr-1 (dragged).tiff in Resources */,
				18508A191F5BABE8006C6C62 /* distance_notify.png in Resources */,
				186460941F5BDE52007A8E01 /* ydn-16 (dragged).tiff in Resources */,
				1864605E1F5BDE52007A8E01 /* dz-6 (dragged).tiff in Resources */,
				186460901F5BDE52007A8E01 /* ydn-12 (dragged).tiff in Resources */,
				1864606F1F5BDE52007A8E01 /* ad-10 (dragged).tiff in Resources */,
				186460871F5BDE52007A8E01 /* tr-4 (dragged).tiff in Resources */,
				186460801F5BDE52007A8E01 /* tr-14 (dragged).tiff in Resources */,
				186460701F5BDE52007A8E01 /* ad-11 (dragged).tiff in Resources */,
				186460931F5BDE52007A8E01 /* ydn-15 (dragged).tiff in Resources */,
				1864606A1F5BDE52007A8E01 /* bql-3 (dragged).tiff in Resources */,
				186460831F5BDE52007A8E01 /* tr-17 (dragged).tiff in Resources */,
				186460621F5BDE52007A8E01 /* js-1 (dragged).tiff in Resources */,
				186460891F5BDE52007A8E01 /* tr-6 (dragged).tiff in Resources */,
				186460921F5BDE52007A8E01 /* ydn-14 (dragged).tiff in Resources */,
				186460811F5BDE52007A8E01 /* tr-15 (dragged).tiff in Resources */,
				1864605C1F5BDE52007A8E01 /* dz-4 (dragged).tiff in Resources */,
				186460861F5BDE52007A8E01 /* tr-3 (dragged).tiff in Resources */,
				1864608F1F5BDE52007A8E01 /* ydn-11 (dragged).tiff in Resources */,
				1864608D1F5BDE52007A8E01 /* ydn-1 (dragged).tiff in Resources */,
				186460951F5BDE52007A8E01 /* ydn-2 (dragged).tiff in Resources */,
				1864606E1F5BDE52007A8E01 /* ad-1 (dragged).tiff in Resources */,
				186460661F5BDE52007A8E01 /* js-5 (dragged).tiff in Resources */,
				1864609C1F5BDE52007A8E01 /* ydn-9 (dragged).tiff in Resources */,
				1864605B1F5BDE52007A8E01 /* dz-3 (dragged).tiff in Resources */,
				186E184A1F5A601F008C1206 /* Assets.xcassets in Resources */,
				186460751F5BDE52007A8E01 /* ad-4 (dragged).tiff in Resources */,
				186460841F5BDE52007A8E01 /* tr-18 (dragged).tiff in Resources */,
				186460641F5BDE52007A8E01 /* js-3 (dragged).tiff in Resources */,
				186460581F5BDE52007A8E01 /* dz-11 (dragged).tiff in Resources */,
				1864607D1F5BDE52007A8E01 /* tr-11 (dragged).tiff in Resources */,
				186460651F5BDE52007A8E01 /* js-4 (dragged).tiff in Resources */,
				1864608E1F5BDE52007A8E01 /* ydn-10 (dragged).tiff in Resources */,
				1864607A1F5BDE52007A8E01 /* ad-9 (dragged).tiff in Resources */,
				1864605F1F5BDE52007A8E01 /* dz-7 (dragged).tiff in Resources */,
				186460731F5BDE52007A8E01 /* ad-2 (dragged).tiff in Resources */,
				186460771F5BDE52007A8E01 /* ad-6 (dragged).tiff in Resources */,
				186E18481F5A601F008C1206 /* Main.storyboard in Resources */,
				1864608B1F5BDE52007A8E01 /* tr-8 (dragged).tiff in Resources */,
				1864607F1F5BDE52007A8E01 /* tr-13 (dragged).tiff in Resources */,
				1864606D1F5BDE52007A8E01 /* bql-6 (dragged).tiff in Resources */,
				186460851F5BDE52007A8E01 /* tr-2 (dragged).tiff in Resources */,
				186460981F5BDE52007A8E01 /* ydn-5 (dragged).tiff in Resources */,
				186460711F5BDE52007A8E01 /* ad-12 (dragged).tiff in Resources */,
				1864606B1F5BDE52007A8E01 /* bql-4 (dragged).tiff in Resources */,
				186460821F5BDE52007A8E01 /* tr-16 (dragged).tiff in Resources */,
				186460791F5BDE52007A8E01 /* ad-8 (dragged).tiff in Resources */,
				1864606C1F5BDE52007A8E01 /* bql-5 (dragged).tiff in Resources */,
				18508A141F5B9EB0006C6C62 /* reset.png in Resources */,
				186460991F5BDE52007A8E01 /* ydn-6 (dragged).tiff in Resources */,
				1864605D1F5BDE52007A8E01 /* dz-5 (dragged).tiff in Resources */,
				186460631F5BDE52007A8E01 /* js-2 (dragged).tiff in Resources */,
				1864608C1F5BDE52007A8E01 /* tr-9 (dragged).tiff in Resources */,
				186460681F5BDE52007A8E01 /* bql-1 (dragged).tiff in Resources */,
			);
			runOnlyForDeploymentPostprocessing = 0;
		};
/* End PBXResourcesBuildPhase section */

/* Begin PBXSourcesBuildPhase section */
		186E18341F5A601F008C1206 /* Sources */ = {
			isa = PBXSourcesBuildPhase;
			buildActionMask = 2147483647;
			files = (
				186E18451F5A601F008C1206 /* ViewController.m in Sources */,
				186E18421F5A601F008C1206 /* Scene.mm in Sources */,
				18508A171F5BA33D006C6C62 /* UIAlertView+Blocks.m in Sources */,
				186E18501F5A601F008C1206 /* main.m in Sources */,
				186E183D1F5A601F008C1206 /* AppDelegate.m in Sources */,
			);
			runOnlyForDeploymentPostprocessing = 0;
		};
/* End PBXSourcesBuildPhase section */

/* Begin PBXVariantGroup section */
		186E18461F5A601F008C1206 /* Main.storyboard */ = {
			isa = PBXVariantGroup;
			children = (
				186E18471F5A601F008C1206 /* Base */,
			);
			name = Main.storyboard;
			sourceTree = "<group>";
		};
		186E184B1F5A601F008C1206 /* LaunchScreen.storyboard */ = {
			isa = PBXVariantGroup;
			children = (
				186E184C1F5A601F008C1206 /* Base */,
			);
			name = LaunchScreen.storyboard;
			sourceTree = "<group>";
		};
/* End PBXVariantGroup section */

/* Begin XCBuildConfiguration section */
		186E18511F5A601F008C1206 /* Debug */ = {
			isa = XCBuildConfiguration;
			buildSettings = {
				ALWAYS_SEARCH_USER_PATHS = NO;
				CLANG_ANALYZER_NONNULL = YES;
				CLANG_ANALYZER_NUMBER_OBJECT_CONVERSION = YES_AGGRESSIVE;
				CLANG_CXX_LANGUAGE_STANDARD = "gnu++14";
				CLANG_CXX_LIBRARY = "libc++";
				CLANG_ENABLE_MODULES = YES;
				CLANG_ENABLE_OBJC_ARC = YES;
				CLANG_WARN_BLOCK_CAPTURE_AUTORELEASING = YES;
				CLANG_WARN_BOOL_CONVERSION = YES;
				CLANG_WARN_COMMA = YES;
				CLANG_WARN_CONSTANT_CONVERSION = YES;
				CLANG_WARN_DIRECT_OBJC_ISA_USAGE = YES_ERROR;
				CLANG_WARN_DOCUMENTATION_COMMENTS = YES;
				CLANG_WARN_EMPTY_BODY = YES;
				CLANG_WARN_ENUM_CONVERSION = YES;
				CLANG_WARN_INFINITE_RECURSION = YES;
				CLANG_WARN_INT_CONVERSION = YES;
				CLANG_WARN_NON_LITERAL_NULL_CONVERSION = YES;
				CLANG_WARN_OBJC_LITERAL_CONVERSION = YES;
				CLANG_WARN_OBJC_ROOT_CLASS = YES_ERROR;
				CLANG_WARN_RANGE_LOOP_ANALYSIS = YES;
				CLANG_WARN_STRICT_PROTOTYPES = YES;
				CLANG_WARN_SUSPICIOUS_MOVE = YES;
				CLANG_WARN_UNGUARDED_AVAILABILITY = YES_AGGRESSIVE;
				CLANG_WARN_UNREACHABLE_CODE = YES;
				CLANG_WARN__DUPLICATE_METHOD_MATCH = YES;
				CODE_SIGN_IDENTITY = "iPhone Developer";
				COPY_PHASE_STRIP = NO;
				DEBUG_INFORMATION_FORMAT = dwarf;
				ENABLE_STRICT_OBJC_MSGSEND = YES;
				ENABLE_TESTABILITY = YES;
				GCC_C_LANGUAGE_STANDARD = gnu11;
				GCC_DYNAMIC_NO_PIC = NO;
				GCC_NO_COMMON_BLOCKS = YES;
				GCC_OPTIMIZATION_LEVEL = 0;
				GCC_PREPROCESSOR_DEFINITIONS = (
					"DEBUG=1",
					"$(inherited)",
				);
				GCC_WARN_64_TO_32_BIT_CONVERSION = YES;
				GCC_WARN_ABOUT_RETURN_TYPE = YES_ERROR;
				GCC_WARN_UNDECLARED_SELECTOR = YES;
				GCC_WARN_UNINITIALIZED_AUTOS = YES_AGGRESSIVE;
				GCC_WARN_UNUSED_FUNCTION = YES;
				GCC_WARN_UNUSED_VARIABLE = YES;
				IPHONEOS_DEPLOYMENT_TARGET = 11.0;
				MTL_ENABLE_DEBUG_INFO = YES;
				ONLY_ACTIVE_ARCH = YES;
				SDKROOT = iphoneos;
			};
			name = Debug;
		};
		186E18521F5A601F008C1206 /* Release */ = {
			isa = XCBuildConfiguration;
			buildSettings = {
				ALWAYS_SEARCH_USER_PATHS = NO;
				CLANG_ANALYZER_NONNULL = YES;
				CLANG_ANALYZER_NUMBER_OBJECT_CONVERSION = YES_AGGRESSIVE;
				CLANG_CXX_LANGUAGE_STANDARD = "gnu++14";
				CLANG_CXX_LIBRARY = "libc++";
				CLANG_ENABLE_MODULES = YES;
				CLANG_ENABLE_OBJC_ARC = YES;
				CLANG_WARN_BLOCK_CAPTURE_AUTORELEASING = YES;
				CLANG_WARN_BOOL_CONVERSION = YES;
				CLANG_WARN_COMMA = YES;
				CLANG_WARN_CONSTANT_CONVERSION = YES;
				CLANG_WARN_DIRECT_OBJC_ISA_USAGE = YES_ERROR;
				CLANG_WARN_DOCUMENTATION_COMMENTS = YES;
				CLANG_WARN_EMPTY_BODY = YES;
				CLANG_WARN_ENUM_CONVERSION = YES;
				CLANG_WARN_INFINITE_RECURSION = YES;
				CLANG_WARN_INT_CONVERSION = YES;
				CLANG_WARN_NON_LITERAL_NULL_CONVERSION = YES;
				CLANG_WARN_OBJC_LITERAL_CONVERSION = YES;
				CLANG_WARN_OBJC_ROOT_CLASS = YES_ERROR;
				CLANG_WARN_RANGE_LOOP_ANALYSIS = YES;
				CLANG_WARN_STRICT_PROTOTYPES = YES;
				CLANG_WARN_SUSPICIOUS_MOVE = YES;
				CLANG_WARN_UNGUARDED_AVAILABILITY = YES_AGGRESSIVE;
				CLANG_WARN_UNREACHABLE_CODE = YES;
				CLANG_WARN__DUPLICATE_METHOD_MATCH = YES;
				CODE_SIGN_IDENTITY = "iPhone Developer";
				COPY_PHASE_STRIP = NO;
				DEBUG_INFORMATION_FORMAT = "dwarf-with-dsym";
				ENABLE_NS_ASSERTIONS = NO;
				ENABLE_STRICT_OBJC_MSGSEND = YES;
				GCC_C_LANGUAGE_STANDARD = gnu11;
				GCC_NO_COMMON_BLOCKS = YES;
				GCC_WARN_64_TO_32_BIT_CONVERSION = YES;
				GCC_WARN_ABOUT_RETURN_TYPE = YES_ERROR;
				GCC_WARN_UNDECLARED_SELECTOR = YES;
				GCC_WARN_UNINITIALIZED_AUTOS = YES_AGGRESSIVE;
				GCC_WARN_UNUSED_FUNCTION = YES;
				GCC_WARN_UNUSED_VARIABLE = YES;
				IPHONEOS_DEPLOYMENT_TARGET = 11.0;
				MTL_ENABLE_DEBUG_INFO = NO;
				SDKROOT = iphoneos;
				VALIDATE_PRODUCT = YES;
			};
			name = Release;
		};
		186E18541F5A601F008C1206 /* Debug */ = {
			isa = XCBuildConfiguration;
			buildSettings = {
				ASSETCATALOG_COMPILER_APPICON_NAME = AppIcon;
				CLANG_ENABLE_OBJC_ARC = NO;
				CODE_SIGN_STYLE = Automatic;
				DEVELOPMENT_TEAM = H3NPDJPL6R;
				INFOPLIST_FILE = ARDemo/Info.plist;
				LD_RUNPATH_SEARCH_PATHS = "$(inherited) @executable_path/Frameworks";
				PRODUCT_BUNDLE_IDENTIFIER = fish.ARDemo;
				PRODUCT_NAME = "$(TARGET_NAME)";
				TARGETED_DEVICE_FAMILY = "1,2";
			};
			name = Debug;
		};
		186E18551F5A601F008C1206 /* Release */ = {
			isa = XCBuildConfiguration;
			buildSettings = {
				ASSETCATALOG_COMPILER_APPICON_NAME = AppIcon;
				CLANG_ENABLE_OBJC_ARC = NO;
				CODE_SIGN_STYLE = Automatic;
				DEVELOPMENT_TEAM = H3NPDJPL6R;
				INFOPLIST_FILE = ARDemo/Info.plist;
				LD_RUNPATH_SEARCH_PATHS = "$(inherited) @executable_path/Frameworks";
				PRODUCT_BUNDLE_IDENTIFIER = fish.ARDemo;
				PRODUCT_NAME = "$(TARGET_NAME)";
				TARGETED_DEVICE_FAMILY = "1,2";
			};
			name = Release;
		};
/* End XCBuildConfiguration section */

/* Begin XCConfigurationList section */
		186E18331F5A601F008C1206 /* Build configuration list for PBXProject "ARDemo" */ = {
			isa = XCConfigurationList;
			buildConfigurations = (
				186E18511F5A601F008C1206 /* Debug */,
				186E18521F5A601F008C1206 /* Release */,
			);
			defaultConfigurationIsVisible = 0;
			defaultConfigurationName = Release;
		};
		186E18531F5A601F008C1206 /* Build configuration list for PBXNativeTarget "ARDemo" */ = {
			isa = XCConfigurationList;
			buildConfigurations = (
				186E18541F5A601F008C1206 /* Debug */,
				186E18551F5A601F008C1206 /* Release */,
			);
			defaultConfigurationIsVisible = 0;
			defaultConfigurationName = Release;
		};
/* End XCConfigurationList section */
	};
	rootObject = 186E18301F5A601F008C1206 /* Project object */;
}
